{
    "name": "zepto",
    "version": "1.2.0",
    "lockfileVersion": 1,
    "dependencies": {
        "amdefine": {
            "version": "1.0.1",
            "resolved": "https://registry.npmjs.org/amdefine/-/amdefine-1.0.1.tgz",
            "integrity": "sha1-SlKCrBZHKek2Gbz9OtFR+BfOkfU=",
            "dev": true
        },
        "async": {
            "version": "0.2.10",
            "resolved": "https://registry.npmjs.org/async/-/async-0.2.10.tgz",
            "integrity": "sha1-trvgsGdLnXGXCMo43owjfLUmw9E=",
            "dev": true
        },
        "buffer-crc32": {
            "version": "0.2.13",
            "resolved": "https://registry.npmjs.org/buffer-crc32/-/buffer-crc32-0.2.13.tgz",
            "integrity": "sha1-DTM+PwDqxQqhRUq9MO+MKl2ackI=",
            "dev": true
        },
        "bytes": {
            "version": "0.2.0",
            "resolved": "https://registry.npmjs.org/bytes/-/bytes-0.2.0.tgz",
            "integrity": "sha1-qtM+wU49wsp06OfUUfm6BTrU96A=",
            "dev": true
        },
        "camelcase": {
            "version": "1.2.1",
            "resolved": "https://registry.npmjs.org/camelcase/-/camelcase-1.2.1.tgz",
            "integrity": "sha1-m7UwTS4LVmmLLHWLCKPqqdqlijk=",
            "dev": true
        },
        "coffee-script": {
            "version": "1.5.0",
            "resolved": "https://registry.npmjs.org/coffee-script/-/coffee-script-1.5.0.tgz",
            "integrity": "sha1-GKZqC2hnnrG+AA5Q39A5jXk/nhU=",
            "dev": true
        },
        "commander": {
            "version": "0.6.1",
            "resolved": "https://registry.npmjs.org/commander/-/commander-0.6.1.tgz",
            "integrity": "sha1-+mihT2qUXVTbvlDYzbMyDp47GgY=",
            "dev": true
        },
        "connect": {
            "version": "2.7.5",
            "resolved": "https://registry.npmjs.org/connect/-/connect-2.7.5.tgz",
            "integrity": "sha1-E5ERtLA/BTOlJJJ6iKZGrkZ7LAI=",
            "dev": true,
            "dependencies": {
                "buffer-crc32": {
                    "version": "0.1.1",
                    "resolved": "https://registry.npmjs.org/buffer-crc32/-/buffer-crc32-0.1.1.tgz",
                    "integrity": "sha1-fhENyZU5CKt8MqzccMn5RbHLxSY=",
                    "dev": true
                }
            }
        },
        "cookie": {
            "version": "0.0.5",
            "resolved": "https://registry.npmjs.org/cookie/-/cookie-0.0.5.tgz",
            "integrity": "sha1-+az521frdWjJ/MWWJWt7si4wfIE=",
            "dev": true
        },
        "cookie-signature": {
            "version": "1.0.0",
            "resolved": "https://registry.npmjs.org/cookie-signature/-/cookie-signature-1.0.0.tgz",
            "integrity": "sha1-AETzMqxiPfhRyRTojqzFfwyXBP4=",
            "dev": true
        },
        "debug": {
            "version": "2.6.8",
            "resolved": "https://registry.npmjs.org/debug/-/debug-2.6.8.tgz",
            "integrity": "sha1-5zFTHKLt4n0YgiJCfaF4IdaP9Pw=",
            "dev": true
        },
        "decamelize": {
            "version": "1.2.0",
            "resolved": "https://registry.npmjs.org/decamelize/-/decamelize-1.2.0.tgz",
            "integrity": "sha1-9lNNFRSCabIDUue+4m9QH5oZEpA=",
            "dev": true
        },
        "express": {
            "version": "3.1.2",
            "resolved": "https://registry.npmjs.org/express/-/express-3.1.2.tgz",
            "integrity": "sha1-UqAsjbjyK7+g10eNhHzUUWH5hfc=",
            "dev": true
        },
        "formidable": {
            "version": "1.0.11",
            "resolved": "https://registry.npmjs.org/formidable/-/formidable-1.0.11.tgz",
            "integrity": "sha1-aPYzJaA15kS297s9ESQ7l2HeGzA=",
            "dev": true
        },
        "fresh": {
            "version": "0.1.0",
            "resolved": "https://registry.npmjs.org/fresh/-/fresh-0.1.0.tgz",
            "integrity": "sha1-A+SwF4Qk5MLV0ZpU2IFM3JeTSFA=",
            "dev": true
        },
        "methods": {
            "version": "0.0.1",
            "resolved": "https://registry.npmjs.org/methods/-/methods-0.0.1.tgz",
            "integrity": "sha1-J3yQ+L7zlwlkWoNxxRw7bGSOBow=",
            "dev": true
        },
        "mime": {
            "version": "1.2.6",
            "resolved": "https://registry.npmjs.org/mime/-/mime-1.2.6.tgz",
            "integrity": "sha1-sfhsdowCX6h7SAdfFwnyiuryA2U=",
            "dev": true
        },
        "mkdirp": {
            "version": "0.3.5",
            "resolved": "https://registry.npmjs.org/mkdirp/-/mkdirp-0.3.5.tgz",
            "integrity": "sha1-3j5fiWHIjHh+4TaN+EmsRBPsqNc=",
            "dev": true
        },
        "ms": {
            "version": "2.0.0",
            "resolved": "https://registry.npmjs.org/ms/-/ms-2.0.0.tgz",
            "integrity": "sha1-VgiurfwAvmwpAd9fmGF4jeDVl8g=",
            "dev": true
        },
        "pause": {
            "version": "0.0.1",
            "resolved": "https://registry.npmjs.org/pause/-/pause-0.0.1.tgz",
            "integrity": "sha1-HUCLP9t2kjuVQ9lvtMnf1TXZy10=",
            "dev": true
        },
        "qs": {
            "version": "0.5.1",
            "resolved": "https://registry.npmjs.org/qs/-/qs-0.5.1.tgz",
            "integrity": "sha1-n2v12axsdjhOldNtFbSJgOXkrdA=",
            "dev": true
        },
        "range-parser": {
            "version": "0.0.4",
            "resolved": "https://registry.npmjs.org/range-parser/-/range-parser-0.0.4.tgz",
            "integrity": "sha1-wEJ//vUcEKy6B4KkbJYC50T/Ygs=",
            "dev": true
        },
        "send": {
            "version": "0.1.0",
            "resolved": "https://registry.npmjs.org/send/-/send-0.1.0.tgz",
            "integrity": "sha1-z7COvTzsm3/Bo32f+eh1qXHPRkA=",
            "dev": true
        },
        "shelljs": {
            "version": "0.1.4",
            "resolved": "https://registry.npmjs.org/shelljs/-/shelljs-0.1.4.tgz",
            "integrity": "sha1-37vnjVbDwBaNL7eeEOzR28sH7A4=",
            "dev": true
        },
        "source-map": {
            "version": "0.1.34",
            "resolved": "https://registry.npmjs.org/source-map/-/source-map-0.1.34.tgz",
            "integrity": "sha1-p8/omux7FoLDsZjQrPtH19CQVms=",
            "dev": true
        },
        "uglify-js": {
            "version": "2.4.24",
            "resolved": "https://registry.npmjs.org/uglify-js/-/uglify-js-2.4.24.tgz",
            "integrity": "sha1-+tV1XB4Vd2WLsG/5q25UjJW+vW4=",
            "dev": true
        },
        "uglify-to-browserify": {
            "version": "1.0.2",
            "resolved": "https://registry.npmjs.org/uglify-to-browserify/-/uglify-to-browserify-1.0.2.tgz",
            "integrity": "sha1-bgkk1r2mta/jSeOabWMoUKD4grc=",
            "dev": true
        },
        "window-size": {
            "version": "0.1.0",
            "resolved": "https://registry.npmjs.org/window-size/-/window-size-0.1.0.tgz",
            "integrity": "sha1-VDjNLqk7IC76Ohn+iIeu58lPnJ0=",
            "dev": true
        },
        "wordwrap": {
            "version": "0.0.2",
            "resolved": "https://registry.npmjs.org/wordwrap/-/wordwrap-0.0.2.tgz",
            "integrity": "sha1-t5Zpu0LstAn4PVg8rVLKF+qhZD8=",
            "dev": true
        },
        "yargs": {
            "version": "3.5.4",
            "resolved": "https://registry.npmjs.org/yargs/-/yargs-3.5.4.tgz",
            "integrity": "sha1-2K/49mXpTDS9JZvevRv68N3TU2E=",
            "dev": true
        }
    }
}
